{
  "pins" : [
    {
      "identity" : "agorachat_ios",
      "kind" : "remoteSourceControl",
      "location" : "https://github.com/AgoraIO/AgoraChat_iOS",
      "state" : {
        "branch" : "main",
        "revision" : "72cb84880b66539632808b8f4d48d53af2ac415d"
      }
    }
  ],
  "version" : 2
}
