{
  "originHash" : "a6cc298e77caf82a4c036eaf40d117b7fefb373b9178c69ed03471a1d297b226",
  "pins" : [
    {
      "identity" : "agorachat_ios",
      "kind" : "remoteSourceControl",
      "location" : "https://github.com/AgoraIO/AgoraChat_iOS",
      "state" : {
        "revision" : "05bb9aca6b240a62d4e8d97a1408bcfa3339089f",
        "version" : "1.3.0"
      }
    }
  ],
  "version" : 3
}
