{
  "originHash" : "a6cc298e77caf82a4c036eaf40d117b7fefb373b9178c69ed03471a1d297b226",
  "pins" : [
    {
      "identity" : "agorachat_ios",
      "kind" : "remoteSourceControl",
      "location" : "https://github.com/AgoraIO/AgoraChat_iOS",
      "state" : {
        "revision" : "9b7898e41c222687439a7306af7297a03cfa5b89",
        "version" : "1.4.0"
      }
    },
    {
      "identity" : "agorainfra_ios",
      "kind" : "remoteSourceControl",
      "location" : "https://github.com/AgoraIO/AgoraInfra_iOS.git",
      "state" : {
        "revision" : "1efd68dbd67bd464e35e799dd3779fa1c6a114c6",
        "version" : "1.3.9"
      }
    }
  ],
  "version" : 3
}
