// !$*UTF8*$!
{
	archiveVersion = 1;
	classes = {
	};
	objectVersion = 51;
	objects = {

/* Begin PBXBuildFile section */
		9E429FB926F2EB4800F0B94D /* AppDelegate.m in Sources */ = {isa = PBXBuildFile; fileRef = 9E429FB826F2EB4800F0B94D /* AppDelegate.m */; };
		9E429FBC26F2EB4800F0B94D /* SceneDelegate.m in Sources */ = {isa = PBXBuildFile; fileRef = 9E429FBB26F2EB4800F0B94D /* SceneDelegate.m */; };
		9E429FC226F2EB4800F0B94D /* Main.storyboard in Resources */ = {isa = PBXBuildFile; fileRef = 9E429FC026F2EB4800F0B94D /* Main.storyboard */; };
		9E429FC426F2EB4A00F0B94D /* Assets.xcassets in Resources */ = {isa = PBXBuildFile; fileRef = 9E429FC326F2EB4A00F0B94D /* Assets.xcassets */; };
		9E429FC726F2EB4A00F0B94D /* LaunchScreen.storyboard in Resources */ = {isa = PBXBuildFile; fileRef = 9E429FC526F2EB4A00F0B94D /* LaunchScreen.storyboard */; };
		9E429FCA26F2EB4A00F0B94D /* main.m in Sources */ = {isa = PBXBuildFile; fileRef = 9E429FC926F2EB4A00F0B94D /* main.m */; };
		9ECC4D3A2812905E001CEDCB /* NavigationViewController.m in Sources */ = {isa = PBXBuildFile; fileRef = 9ECC4D392812905E001CEDCB /* NavigationViewController.m */; };
		9ECC4D6C2812AE00001CEDCB /* AgoraChatApiExampleViewController.m in Sources */ = {isa = PBXBuildFile; fileRef = 9ECC4D592812AE00001CEDCB /* AgoraChatApiExampleViewController.m */; };
		9ECC4D6D2812AE00001CEDCB /* EMHttpRequest.m in Sources */ = {isa = PBXBuildFile; fileRef = 9ECC4D5A2812AE00001CEDCB /* EMHttpRequest.m */; };
		9ECC4D6E2812AE00001CEDCB /* ImportMessageViewController.m in Sources */ = {isa = PBXBuildFile; fileRef = 9ECC4D5C2812AE00001CEDCB /* ImportMessageViewController.m */; };
		9ECC4D6F2812AE00001CEDCB /* SBDChannelMessage.txt in Resources */ = {isa = PBXBuildFile; fileRef = 9ECC4D5D2812AE00001CEDCB /* SBDChannelMessage.txt */; };
		9ECC4D702812AE00001CEDCB /* FetchServerMessageViewController.m in Sources */ = {isa = PBXBuildFile; fileRef = 9ECC4D602812AE00001CEDCB /* FetchServerMessageViewController.m */; };
		9ECC4D712812AE00001CEDCB /* wav.mm in Sources */ = {isa = PBXBuildFile; fileRef = 9ECC4D652812AE00001CEDCB /* wav.mm */; };
		9ECC4D722812AE00001CEDCB /* amrFileCodec.mm in Sources */ = {isa = PBXBuildFile; fileRef = 9ECC4D662812AE00001CEDCB /* amrFileCodec.mm */; };
		9ECC4D732812AE00001CEDCB /* AudioMessageViewController.m in Sources */ = {isa = PBXBuildFile; fileRef = 9ECC4D692812AE00001CEDCB /* AudioMessageViewController.m */; };
		9ECC4D742812AE00001CEDCB /* AgoraAudioRecordUtil.mm in Sources */ = {isa = PBXBuildFile; fileRef = 9ECC4D6A2812AE00001CEDCB /* AgoraAudioRecordUtil.mm */; };
/* End PBXBuildFile section */

/* Begin PBXCopyFilesBuildPhase section */
		9ED854DB270453F30092884C /* Embed Frameworks */ = {
			isa = PBXCopyFilesBuildPhase;
			buildActionMask = 2147483647;
			dstPath = "";
			dstSubfolderSpec = 10;
			files = (
			);
			name = "Embed Frameworks";
			runOnlyForDeploymentPostprocessing = 0;
		};
/* End PBXCopyFilesBuildPhase section */

/* Begin PBXFileReference section */
		9E429FB426F2EB4800F0B94D /* AgoraChatAPIExample.app */ = {isa = PBXFileReference; explicitFileType = wrapper.application; includeInIndex = 0; path = AgoraChatAPIExample.app; sourceTree = BUILT_PRODUCTS_DIR; };
		9E429FB726F2EB4800F0B94D /* AppDelegate.h */ = {isa = PBXFileReference; lastKnownFileType = sourcecode.c.h; path = AppDelegate.h; sourceTree = "<group>"; };
		9E429FB826F2EB4800F0B94D /* AppDelegate.m */ = {isa = PBXFileReference; lastKnownFileType = sourcecode.c.objc; path = AppDelegate.m; sourceTree = "<group>"; };
		9E429FBA26F2EB4800F0B94D /* SceneDelegate.h */ = {isa = PBXFileReference; lastKnownFileType = sourcecode.c.h; path = SceneDelegate.h; sourceTree = "<group>"; };
		9E429FBB26F2EB4800F0B94D /* SceneDelegate.m */ = {isa = PBXFileReference; lastKnownFileType = sourcecode.c.objc; path = SceneDelegate.m; sourceTree = "<group>"; };
		9E429FC126F2EB4800F0B94D /* Base */ = {isa = PBXFileReference; lastKnownFileType = file.storyboard; name = Base; path = Base.lproj/Main.storyboard; sourceTree = "<group>"; };
		9E429FC326F2EB4A00F0B94D /* Assets.xcassets */ = {isa = PBXFileReference; lastKnownFileType = folder.assetcatalog; path = Assets.xcassets; sourceTree = "<group>"; };
		9E429FC626F2EB4A00F0B94D /* Base */ = {isa = PBXFileReference; lastKnownFileType = file.storyboard; name = Base; path = Base.lproj/LaunchScreen.storyboard; sourceTree = "<group>"; };
		9E429FC826F2EB4A00F0B94D /* Info.plist */ = {isa = PBXFileReference; lastKnownFileType = text.plist.xml; path = Info.plist; sourceTree = "<group>"; };
		9E429FC926F2EB4A00F0B94D /* main.m */ = {isa = PBXFileReference; lastKnownFileType = sourcecode.c.objc; path = main.m; sourceTree = "<group>"; };
		9ECC4D382812905E001CEDCB /* NavigationViewController.h */ = {isa = PBXFileReference; lastKnownFileType = sourcecode.c.h; path = NavigationViewController.h; sourceTree = "<group>"; };
		9ECC4D392812905E001CEDCB /* NavigationViewController.m */ = {isa = PBXFileReference; lastKnownFileType = sourcecode.c.objc; path = NavigationViewController.m; sourceTree = "<group>"; };
		9ECC4D572812AE00001CEDCB /* EMHttpRequest.h */ = {isa = PBXFileReference; fileEncoding = 4; lastKnownFileType = sourcecode.c.h; path = EMHttpRequest.h; sourceTree = "<group>"; };
		9ECC4D582812AE00001CEDCB /* AgoraChatApiExampleViewController.h */ = {isa = PBXFileReference; fileEncoding = 4; lastKnownFileType = sourcecode.c.h; path = AgoraChatApiExampleViewController.h; sourceTree = "<group>"; };
		9ECC4D592812AE00001CEDCB /* AgoraChatApiExampleViewController.m */ = {isa = PBXFileReference; fileEncoding = 4; lastKnownFileType = sourcecode.c.objc; path = AgoraChatApiExampleViewController.m; sourceTree = "<group>"; };
		9ECC4D5A2812AE00001CEDCB /* EMHttpRequest.m */ = {isa = PBXFileReference; fileEncoding = 4; lastKnownFileType = sourcecode.c.objc; path = EMHttpRequest.m; sourceTree = "<group>"; };
		9ECC4D5C2812AE00001CEDCB /* ImportMessageViewController.m */ = {isa = PBXFileReference; fileEncoding = 4; lastKnownFileType = sourcecode.c.objc; path = ImportMessageViewController.m; sourceTree = "<group>"; };
		9ECC4D5D2812AE00001CEDCB /* SBDChannelMessage.txt */ = {isa = PBXFileReference; fileEncoding = 4; lastKnownFileType = text; path = SBDChannelMessage.txt; sourceTree = "<group>"; };
		9ECC4D5E2812AE00001CEDCB /* ImportMessageViewController.h */ = {isa = PBXFileReference; fileEncoding = 4; lastKnownFileType = sourcecode.c.h; path = ImportMessageViewController.h; sourceTree = "<group>"; };
		9ECC4D602812AE00001CEDCB /* FetchServerMessageViewController.m */ = {isa = PBXFileReference; fileEncoding = 4; lastKnownFileType = sourcecode.c.objc; path = FetchServerMessageViewController.m; sourceTree = "<group>"; };
		9ECC4D612812AE00001CEDCB /* FetchServerMessageViewController.h */ = {isa = PBXFileReference; fileEncoding = 4; lastKnownFileType = sourcecode.c.h; path = FetchServerMessageViewController.h; sourceTree = "<group>"; };
		9ECC4D632812AE00001CEDCB /* AudioMessageViewController.h */ = {isa = PBXFileReference; fileEncoding = 4; lastKnownFileType = sourcecode.c.h; path = AudioMessageViewController.h; sourceTree = "<group>"; };
		9ECC4D652812AE00001CEDCB /* wav.mm */ = {isa = PBXFileReference; fileEncoding = 4; lastKnownFileType = sourcecode.cpp.objcpp; path = wav.mm; sourceTree = "<group>"; };
		9ECC4D662812AE00001CEDCB /* amrFileCodec.mm */ = {isa = PBXFileReference; fileEncoding = 4; lastKnownFileType = sourcecode.cpp.objcpp; path = amrFileCodec.mm; sourceTree = "<group>"; };
		9ECC4D672812AE00001CEDCB /* amrFileCodec.h */ = {isa = PBXFileReference; fileEncoding = 4; lastKnownFileType = sourcecode.c.h; path = amrFileCodec.h; sourceTree = "<group>"; };
		9ECC4D682812AE00001CEDCB /* wav.h */ = {isa = PBXFileReference; fileEncoding = 4; lastKnownFileType = sourcecode.c.h; path = wav.h; sourceTree = "<group>"; };
		9ECC4D692812AE00001CEDCB /* AudioMessageViewController.m */ = {isa = PBXFileReference; fileEncoding = 4; lastKnownFileType = sourcecode.c.objc; path = AudioMessageViewController.m; sourceTree = "<group>"; };
		9ECC4D6A2812AE00001CEDCB /* AgoraAudioRecordUtil.mm */ = {isa = PBXFileReference; fileEncoding = 4; lastKnownFileType = sourcecode.cpp.objcpp; path = AgoraAudioRecordUtil.mm; sourceTree = "<group>"; };
		9ECC4D6B2812AE00001CEDCB /* AgoraAudioRecordUtil.h */ = {isa = PBXFileReference; fileEncoding = 4; lastKnownFileType = sourcecode.c.h; path = AgoraAudioRecordUtil.h; sourceTree = "<group>"; };
/* End PBXFileReference section */

/* Begin PBXFrameworksBuildPhase section */
		9E429FB126F2EB4800F0B94D /* Frameworks */ = {
			isa = PBXFrameworksBuildPhase;
			buildActionMask = 2147483647;
			files = (
			);
			runOnlyForDeploymentPostprocessing = 0;
		};
/* End PBXFrameworksBuildPhase section */

/* Begin PBXGroup section */
		9E429FAB26F2EB4800F0B94D = {
			isa = PBXGroup;
			children = (
				9E429FB626F2EB4800F0B94D /* AgoraChatAPIExample */,
				9E429FB526F2EB4800F0B94D /* Products */,
				B4F21F08BFCDFDB537D17206 /* Frameworks */,
			);
			sourceTree = "<group>";
		};
		9E429FB526F2EB4800F0B94D /* Products */ = {
			isa = PBXGroup;
			children = (
				9E429FB426F2EB4800F0B94D /* AgoraChatAPIExample.app */,
			);
			name = Products;
			sourceTree = "<group>";
		};
		9E429FB626F2EB4800F0B94D /* AgoraChatAPIExample */ = {
			isa = PBXGroup;
			children = (
				9ECC4D572812AE00001CEDCB /* EMHttpRequest.h */,
				9ECC4D5A2812AE00001CEDCB /* EMHttpRequest.m */,
				9ECC4D562812AE00001CEDCB /* ApiExample */,
				9ECC4D5F2812AE00001CEDCB /* FetchServerMessage */,
				9ECC4D5B2812AE00001CEDCB /* ImportMessage */,
				9ECC4D622812AE00001CEDCB /* SendAudioMessage */,
				9E429FB726F2EB4800F0B94D /* AppDelegate.h */,
				9E429FB826F2EB4800F0B94D /* AppDelegate.m */,
				9E429FBA26F2EB4800F0B94D /* SceneDelegate.h */,
				9E429FBB26F2EB4800F0B94D /* SceneDelegate.m */,
				9ECC4D382812905E001CEDCB /* NavigationViewController.h */,
				9ECC4D392812905E001CEDCB /* NavigationViewController.m */,
				9E429FC026F2EB4800F0B94D /* Main.storyboard */,
				9E429FC326F2EB4A00F0B94D /* Assets.xcassets */,
				9E429FC526F2EB4A00F0B94D /* LaunchScreen.storyboard */,
				9E429FC826F2EB4A00F0B94D /* Info.plist */,
				9E429FC926F2EB4A00F0B94D /* main.m */,
			);
			path = AgoraChatAPIExample;
			sourceTree = "<group>";
		};
		9ECC4D562812AE00001CEDCB /* ApiExample */ = {
			isa = PBXGroup;
			children = (
				9ECC4D582812AE00001CEDCB /* AgoraChatApiExampleViewController.h */,
				9ECC4D592812AE00001CEDCB /* AgoraChatApiExampleViewController.m */,
			);
			path = ApiExample;
			sourceTree = "<group>";
		};
		9ECC4D5B2812AE00001CEDCB /* ImportMessage */ = {
			isa = PBXGroup;
			children = (
				9ECC4D5C2812AE00001CEDCB /* ImportMessageViewController.m */,
				9ECC4D5D2812AE00001CEDCB /* SBDChannelMessage.txt */,
				9ECC4D5E2812AE00001CEDCB /* ImportMessageViewController.h */,
			);
			path = ImportMessage;
			sourceTree = "<group>";
		};
		9ECC4D5F2812AE00001CEDCB /* FetchServerMessage */ = {
			isa = PBXGroup;
			children = (
				9ECC4D602812AE00001CEDCB /* FetchServerMessageViewController.m */,
				9ECC4D612812AE00001CEDCB /* FetchServerMessageViewController.h */,
			);
			path = FetchServerMessage;
			sourceTree = "<group>";
		};
		9ECC4D622812AE00001CEDCB /* SendAudioMessage */ = {
			isa = PBXGroup;
			children = (
				9ECC4D632812AE00001CEDCB /* AudioMessageViewController.h */,
				9ECC4D642812AE00001CEDCB /* VoiceConverter */,
				9ECC4D692812AE00001CEDCB /* AudioMessageViewController.m */,
				9ECC4D6A2812AE00001CEDCB /* AgoraAudioRecordUtil.mm */,
				9ECC4D6B2812AE00001CEDCB /* AgoraAudioRecordUtil.h */,
			);
			path = SendAudioMessage;
			sourceTree = "<group>";
		};
		9ECC4D642812AE00001CEDCB /* VoiceConverter */ = {
			isa = PBXGroup;
			children = (
				9ECC4D652812AE00001CEDCB /* wav.mm */,
				9ECC4D662812AE00001CEDCB /* amrFileCodec.mm */,
				9ECC4D672812AE00001CEDCB /* amrFileCodec.h */,
				9ECC4D682812AE00001CEDCB /* wav.h */,
			);
			path = VoiceConverter;
			sourceTree = "<group>";
		};
		B4F21F08BFCDFDB537D17206 /* Frameworks */ = {
			isa = PBXGroup;
			children = (
			);
			name = Frameworks;
			sourceTree = "<group>";
		};
/* End PBXGroup section */

/* Begin PBXNativeTarget section */
		9E429FB326F2EB4800F0B94D /* AgoraChatAPIExample */ = {
			isa = PBXNativeTarget;
			buildConfigurationList = 9E429FCD26F2EB4A00F0B94D /* Build configuration list for PBXNativeTarget "AgoraChatAPIExample" */;
			buildPhases = (
				8AF5C4D9C97B40E8F03428CE /* [CP] Check Pods Manifest.lock */,
				9E429FB026F2EB4800F0B94D /* Sources */,
				9E429FB126F2EB4800F0B94D /* Frameworks */,
				9E429FB226F2EB4800F0B94D /* Resources */,
				9ED854DB270453F30092884C /* Embed Frameworks */,
				F2D27627C70CC0436FC1DD3D /* [CP] Embed Pods Frameworks */,
			);
			buildRules = (
			);
			dependencies = (
			);
			name = AgoraChatAPIExample;
			productName = AgoraChatAPIExample;
			productReference = 9E429FB426F2EB4800F0B94D /* AgoraChatAPIExample.app */;
			productType = "com.apple.product-type.application";
		};
/* End PBXNativeTarget section */

/* Begin PBXProject section */
		9E429FAC26F2EB4800F0B94D /* Project object */ = {
			isa = PBXProject;
			attributes = {
				LastUpgradeCheck = 1250;
				TargetAttributes = {
					9E429FB326F2EB4800F0B94D = {
						CreatedOnToolsVersion = 12.5.1;
					};
				};
			};
			buildConfigurationList = 9E429FAF26F2EB4800F0B94D /* Build configuration list for PBXProject "AgoraChatAPIExample" */;
			compatibilityVersion = "Xcode 9.3";
			developmentRegion = en;
			hasScannedForEncodings = 0;
			knownRegions = (
				en,
				Base,
			);
			mainGroup = 9E429FAB26F2EB4800F0B94D;
			productRefGroup = 9E429FB526F2EB4800F0B94D /* Products */;
			projectDirPath = "";
			projectRoot = "";
			targets = (
				9E429FB326F2EB4800F0B94D /* AgoraChatAPIExample */,
			);
		};
/* End PBXProject section */

/* Begin PBXResourcesBuildPhase section */
		9E429FB226F2EB4800F0B94D /* Resources */ = {
			isa = PBXResourcesBuildPhase;
			buildActionMask = 2147483647;
			files = (
				9E429FC726F2EB4A00F0B94D /* LaunchScreen.storyboard in Resources */,
				9E429FC426F2EB4A00F0B94D /* Assets.xcassets in Resources */,
				9ECC4D6F2812AE00001CEDCB /* SBDChannelMessage.txt in Resources */,
				9E429FC226F2EB4800F0B94D /* Main.storyboard in Resources */,
			);
			runOnlyForDeploymentPostprocessing = 0;
		};
/* End PBXResourcesBuildPhase section */

/* Begin PBXShellScriptBuildPhase section */
		8AF5C4D9C97B40E8F03428CE /* [CP] Check Pods Manifest.lock */ = {
			isa = PBXShellScriptBuildPhase;
			buildActionMask = 2147483647;
			files = (
			);
			inputFileListPaths = (
			);
			inputPaths = (
				"${PODS_PODFILE_DIR_PATH}/Podfile.lock",
				"${PODS_ROOT}/Manifest.lock",
			);
			name = "[CP] Check Pods Manifest.lock";
			outputFileListPaths = (
			);
			outputPaths = (
				"$(DERIVED_FILE_DIR)/Pods-AgoraChatAPIExample-checkManifestLockResult.txt",
			);
			runOnlyForDeploymentPostprocessing = 0;
			shellPath = /bin/sh;
			shellScript = "diff \"${PODS_PODFILE_DIR_PATH}/Podfile.lock\" \"${PODS_ROOT}/Manifest.lock\" > /dev/null\nif [ $? != 0 ] ; then\n    # print error to STDERR\n    echo \"error: The sandbox is not in sync with the Podfile.lock. Run 'pod install' or update your CocoaPods installation.\" >&2\n    exit 1\nfi\n# This output is used by Xcode 'outputs' to avoid re-running this script phase.\necho \"SUCCESS\" > \"${SCRIPT_OUTPUT_FILE_0}\"\n";
			showEnvVarsInLog = 0;
		};
		F2D27627C70CC0436FC1DD3D /* [CP] Embed Pods Frameworks */ = {
			isa = PBXShellScriptBuildPhase;
			buildActionMask = 2147483647;
			files = (
			);
			inputFileListPaths = (
				"${PODS_ROOT}/Target Support Files/Pods-AgoraChatAPIExample/Pods-AgoraChatAPIExample-frameworks-${CONFIGURATION}-input-files.xcfilelist",
			);
			name = "[CP] Embed Pods Frameworks";
			outputFileListPaths = (
				"${PODS_ROOT}/Target Support Files/Pods-AgoraChatAPIExample/Pods-AgoraChatAPIExample-frameworks-${CONFIGURATION}-output-files.xcfilelist",
			);
			runOnlyForDeploymentPostprocessing = 0;
			shellPath = /bin/sh;
			shellScript = "\"${PODS_ROOT}/Target Support Files/Pods-AgoraChatAPIExample/Pods-AgoraChatAPIExample-frameworks.sh\"\n";
			showEnvVarsInLog = 0;
		};
/* End PBXShellScriptBuildPhase section */

/* Begin PBXSourcesBuildPhase section */
		9E429FB026F2EB4800F0B94D /* Sources */ = {
			isa = PBXSourcesBuildPhase;
			buildActionMask = 2147483647;
			files = (
				9E429FB926F2EB4800F0B94D /* AppDelegate.m in Sources */,
				9ECC4D3A2812905E001CEDCB /* NavigationViewController.m in Sources */,
				9ECC4D702812AE00001CEDCB /* FetchServerMessageViewController.m in Sources */,
				9ECC4D6C2812AE00001CEDCB /* AgoraChatApiExampleViewController.m in Sources */,
				9ECC4D742812AE00001CEDCB /* AgoraAudioRecordUtil.mm in Sources */,
				9ECC4D6D2812AE00001CEDCB /* EMHttpRequest.m in Sources */,
				9ECC4D732812AE00001CEDCB /* AudioMessageViewController.m in Sources */,
				9E429FCA26F2EB4A00F0B94D /* main.m in Sources */,
				9ECC4D6E2812AE00001CEDCB /* ImportMessageViewController.m in Sources */,
				9ECC4D712812AE00001CEDCB /* wav.mm in Sources */,
				9E429FBC26F2EB4800F0B94D /* SceneDelegate.m in Sources */,
				9ECC4D722812AE00001CEDCB /* amrFileCodec.mm in Sources */,
			);
			runOnlyForDeploymentPostprocessing = 0;
		};
/* End PBXSourcesBuildPhase section */

/* Begin PBXVariantGroup section */
		9E429FC026F2EB4800F0B94D /* Main.storyboard */ = {
			isa = PBXVariantGroup;
			children = (
				9E429FC126F2EB4800F0B94D /* Base */,
			);
			name = Main.storyboard;
			sourceTree = "<group>";
		};
		9E429FC526F2EB4A00F0B94D /* LaunchScreen.storyboard */ = {
			isa = PBXVariantGroup;
			children = (
				9E429FC626F2EB4A00F0B94D /* Base */,
			);
			name = LaunchScreen.storyboard;
			sourceTree = "<group>";
		};
/* End PBXVariantGroup section */

/* Begin XCBuildConfiguration section */
		9E429FCB26F2EB4A00F0B94D /* Debug */ = {
			isa = XCBuildConfiguration;
			buildSettings = {
				ALWAYS_SEARCH_USER_PATHS = NO;
				CLANG_ANALYZER_NONNULL = YES;
				CLANG_ANALYZER_NUMBER_OBJECT_CONVERSION = YES_AGGRESSIVE;
				CLANG_CXX_LANGUAGE_STANDARD = "gnu++14";
				CLANG_CXX_LIBRARY = "libc++";
				CLANG_ENABLE_MODULES = YES;
				CLANG_ENABLE_OBJC_ARC = YES;
				CLANG_ENABLE_OBJC_WEAK = YES;
				CLANG_WARN_BLOCK_CAPTURE_AUTORELEASING = YES;
				CLANG_WARN_BOOL_CONVERSION = YES;
				CLANG_WARN_COMMA = YES;
				CLANG_WARN_CONSTANT_CONVERSION = YES;
				CLANG_WARN_DEPRECATED_OBJC_IMPLEMENTATIONS = YES;
				CLANG_WARN_DIRECT_OBJC_ISA_USAGE = YES_ERROR;
				CLANG_WARN_DOCUMENTATION_COMMENTS = YES;
				CLANG_WARN_EMPTY_BODY = YES;
				CLANG_WARN_ENUM_CONVERSION = YES;
				CLANG_WARN_INFINITE_RECURSION = YES;
				CLANG_WARN_INT_CONVERSION = YES;
				CLANG_WARN_NON_LITERAL_NULL_CONVERSION = YES;
				CLANG_WARN_OBJC_IMPLICIT_RETAIN_SELF = YES;
				CLANG_WARN_OBJC_LITERAL_CONVERSION = YES;
				CLANG_WARN_OBJC_ROOT_CLASS = YES_ERROR;
				CLANG_WARN_QUOTED_INCLUDE_IN_FRAMEWORK_HEADER = YES;
				CLANG_WARN_RANGE_LOOP_ANALYSIS = YES;
				CLANG_WARN_STRICT_PROTOTYPES = YES;
				CLANG_WARN_SUSPICIOUS_MOVE = YES;
				CLANG_WARN_UNGUARDED_AVAILABILITY = YES_AGGRESSIVE;
				CLANG_WARN_UNREACHABLE_CODE = YES;
				CLANG_WARN__DUPLICATE_METHOD_MATCH = YES;
				COPY_PHASE_STRIP = NO;
				DEBUG_INFORMATION_FORMAT = dwarf;
				ENABLE_STRICT_OBJC_MSGSEND = YES;
				ENABLE_TESTABILITY = YES;
				GCC_C_LANGUAGE_STANDARD = gnu11;
				GCC_DYNAMIC_NO_PIC = NO;
				GCC_NO_COMMON_BLOCKS = YES;
				GCC_OPTIMIZATION_LEVEL = 0;
				GCC_PREPROCESSOR_DEFINITIONS = (
					"DEBUG=1",
					"$(inherited)",
				);
				GCC_WARN_64_TO_32_BIT_CONVERSION = YES;
				GCC_WARN_ABOUT_RETURN_TYPE = YES_ERROR;
				GCC_WARN_UNDECLARED_SELECTOR = YES;
				GCC_WARN_UNINITIALIZED_AUTOS = YES_AGGRESSIVE;
				GCC_WARN_UNUSED_FUNCTION = YES;
				GCC_WARN_UNUSED_VARIABLE = YES;
				IPHONEOS_DEPLOYMENT_TARGET = 14.5;
				MTL_ENABLE_DEBUG_INFO = INCLUDE_SOURCE;
				MTL_FAST_MATH = YES;
				ONLY_ACTIVE_ARCH = YES;
				SDKROOT = iphoneos;
			};
			name = Debug;
		};
		9E429FCC26F2EB4A00F0B94D /* Release */ = {
			isa = XCBuildConfiguration;
			buildSettings = {
				ALWAYS_SEARCH_USER_PATHS = NO;
				CLANG_ANALYZER_NONNULL = YES;
				CLANG_ANALYZER_NUMBER_OBJECT_CONVERSION = YES_AGGRESSIVE;
				CLANG_CXX_LANGUAGE_STANDARD = "gnu++14";
				CLANG_CXX_LIBRARY = "libc++";
				CLANG_ENABLE_MODULES = YES;
				CLANG_ENABLE_OBJC_ARC = YES;
				CLANG_ENABLE_OBJC_WEAK = YES;
				CLANG_WARN_BLOCK_CAPTURE_AUTORELEASING = YES;
				CLANG_WARN_BOOL_CONVERSION = YES;
				CLANG_WARN_COMMA = YES;
				CLANG_WARN_CONSTANT_CONVERSION = YES;
				CLANG_WARN_DEPRECATED_OBJC_IMPLEMENTATIONS = YES;
				CLANG_WARN_DIRECT_OBJC_ISA_USAGE = YES_ERROR;
				CLANG_WARN_DOCUMENTATION_COMMENTS = YES;
				CLANG_WARN_EMPTY_BODY = YES;
				CLANG_WARN_ENUM_CONVERSION = YES;
				CLANG_WARN_INFINITE_RECURSION = YES;
				CLANG_WARN_INT_CONVERSION = YES;
				CLANG_WARN_NON_LITERAL_NULL_CONVERSION = YES;
				CLANG_WARN_OBJC_IMPLICIT_RETAIN_SELF = YES;
				CLANG_WARN_OBJC_LITERAL_CONVERSION = YES;
				CLANG_WARN_OBJC_ROOT_CLASS = YES_ERROR;
				CLANG_WARN_QUOTED_INCLUDE_IN_FRAMEWORK_HEADER = YES;
				CLANG_WARN_RANGE_LOOP_ANALYSIS = YES;
				CLANG_WARN_STRICT_PROTOTYPES = YES;
				CLANG_WARN_SUSPICIOUS_MOVE = YES;
				CLANG_WARN_UNGUARDED_AVAILABILITY = YES_AGGRESSIVE;
				CLANG_WARN_UNREACHABLE_CODE = YES;
				CLANG_WARN__DUPLICATE_METHOD_MATCH = YES;
				COPY_PHASE_STRIP = NO;
				DEBUG_INFORMATION_FORMAT = "dwarf-with-dsym";
				ENABLE_NS_ASSERTIONS = NO;
				ENABLE_STRICT_OBJC_MSGSEND = YES;
				GCC_C_LANGUAGE_STANDARD = gnu11;
				GCC_NO_COMMON_BLOCKS = YES;
				GCC_WARN_64_TO_32_BIT_CONVERSION = YES;
				GCC_WARN_ABOUT_RETURN_TYPE = YES_ERROR;
				GCC_WARN_UNDECLARED_SELECTOR = YES;
				GCC_WARN_UNINITIALIZED_AUTOS = YES_AGGRESSIVE;
				GCC_WARN_UNUSED_FUNCTION = YES;
				GCC_WARN_UNUSED_VARIABLE = YES;
				IPHONEOS_DEPLOYMENT_TARGET = 14.5;
				MTL_ENABLE_DEBUG_INFO = NO;
				MTL_FAST_MATH = YES;
				SDKROOT = iphoneos;
				VALIDATE_PRODUCT = YES;
			};
			name = Release;
		};
		9E429FCE26F2EB4A00F0B94D /* Debug */ = {
			isa = XCBuildConfiguration;
			buildSettings = {
				ASSETCATALOG_COMPILER_APPICON_NAME = AppIcon;
				ASSETCATALOG_COMPILER_GLOBAL_ACCENT_COLOR_NAME = AccentColor;
				CODE_SIGN_STYLE = Automatic;
				DEVELOPMENT_TEAM = 499WYUV8Q2;
				FRAMEWORK_SEARCH_PATHS = (
					"$(inherited)",
					"$(PROJECT_DIR)",
				);
				INFOPLIST_FILE = AgoraChatAPIExample/Info.plist;
				IPHONEOS_DEPLOYMENT_TARGET = 11.0;
				LD_RUNPATH_SEARCH_PATHS = (
					"$(inherited)",
					"@executable_path/Frameworks",
				);
				PRODUCT_BUNDLE_IDENTIFIER = com.easemob.enterprise.demo.ui;
				PRODUCT_NAME = "$(TARGET_NAME)";
				TARGETED_DEVICE_FAMILY = "1,2";
			};
			name = Debug;
		};
		9E429FCF26F2EB4A00F0B94D /* Release */ = {
			isa = XCBuildConfiguration;
			buildSettings = {
				ASSETCATALOG_COMPILER_APPICON_NAME = AppIcon;
				ASSETCATALOG_COMPILER_GLOBAL_ACCENT_COLOR_NAME = AccentColor;
				CODE_SIGN_STYLE = Automatic;
				DEVELOPMENT_TEAM = 499WYUV8Q2;
				FRAMEWORK_SEARCH_PATHS = (
					"$(inherited)",
					"$(PROJECT_DIR)",
				);
				INFOPLIST_FILE = AgoraChatAPIExample/Info.plist;
				IPHONEOS_DEPLOYMENT_TARGET = 11.0;
				LD_RUNPATH_SEARCH_PATHS = (
					"$(inherited)",
					"@executable_path/Frameworks",
				);
				PRODUCT_BUNDLE_IDENTIFIER = com.easemob.enterprise.demo.ui;
				PRODUCT_NAME = "$(TARGET_NAME)";
				TARGETED_DEVICE_FAMILY = "1,2";
			};
			name = Release;
		};
/* End XCBuildConfiguration section */

/* Begin XCConfigurationList section */
		9E429FAF26F2EB4800F0B94D /* Build configuration list for PBXProject "AgoraChatAPIExample" */ = {
			isa = XCConfigurationList;
			buildConfigurations = (
				9E429FCB26F2EB4A00F0B94D /* Debug */,
				9E429FCC26F2EB4A00F0B94D /* Release */,
			);
			defaultConfigurationIsVisible = 0;
			defaultConfigurationName = Release;
		};
		9E429FCD26F2EB4A00F0B94D /* Build configuration list for PBXNativeTarget "AgoraChatAPIExample" */ = {
			isa = XCConfigurationList;
			buildConfigurations = (
				9E429FCE26F2EB4A00F0B94D /* Debug */,
				9E429FCF26F2EB4A00F0B94D /* Release */,
			);
			defaultConfigurationIsVisible = 0;
			defaultConfigurationName = Release;
		};
/* End XCConfigurationList section */
	};
	rootObject = 9E429FAC26F2EB4800F0B94D /* Project object */;
}
