PODS:
  - agora_chat_sdk (0.0.1):
    - Flutter
    - HyphenateChat (= 4.0.0)
  - Flutter (1.0.0)
  - HyphenateChat (4.0.0)

DEPENDENCIES:
  - agora_chat_sdk (from `.symlinks/plugins/agora_chat_sdk/ios`)
  - Flutter (from `Flutter`)

SPEC REPOS:
  trunk:
    - HyphenateChat

EXTERNAL SOURCES:
  agora_chat_sdk:
    :path: ".symlinks/plugins/agora_chat_sdk/ios"
  Flutter:
    :path: Flutter

SPEC CHECKSUMS:
  agora_chat_sdk: ce66fe2e4f70ee969f006d5c200fde9ac9613d45
  Flutter: f04841e97a9d0b0a8025694d0796dd46242b2854
  HyphenateChat: 9f6e4ac3b290e52cc0e52491f85d86097b35c285

PODFILE CHECKSUM: 7368163408c647b7eb699d0d788ba6718e18fb8d

COCOAPODS: 1.11.3
