PODS:
  - agora_chat_sdk (0.0.1):
    - Flutter
    - HyphenateChat (= 4.5.0)
  - Flutter (1.0.0)
  - HyphenateChat (4.5.0)

DEPENDENCIES:
  - agora_chat_sdk (from `.symlinks/plugins/agora_chat_sdk/ios`)
  - Flutter (from `Flutter`)

SPEC REPOS:
  trunk:
    - HyphenateChat

EXTERNAL SOURCES:
  agora_chat_sdk:
    :path: ".symlinks/plugins/agora_chat_sdk/ios"
  Flutter:
    :path: Flutter

SPEC CHECKSUMS:
  agora_chat_sdk: b748c59817b13c72b2e168f0477d950e94d3e560
  Flutter: e0871f40cf51350855a761d2e70bf5af5b9b5de7
  HyphenateChat: bf4cfa65a83ffa210803fdc91263b4891fb510ee

PODFILE CHECKSUM: 4e8f8b2be68aeea4c0d5beb6ff1e79fface1d048

COCOAPODS: 1.15.2
